{
  "nodes": {
    "advisory-db": {
      "flake": false,
      "locked": {
        "lastModified": 1748950236,
        "narHash": "sha256-kNiGMrXi5Bq/aWoQmnpK0v+ufQA4FOInhbkY56iUndc=",
        "owner": "rustsec",
        "repo": "advisory-db",
        "rev": "a1f651cba8bf224f52c5d55d8182b3bb0ebce49e",
        "type": "github"
      },
      "original": {
        "owner": "rustsec",
        "repo": "advisory-db",
        "type": "github"
      }
    },
    "crane": {
      "locked": {
        "lastModified": 1748970125,
        "narHash": "sha256-UDyigbDGv8fvs9aS95yzFfOKkEjx1LO3PL3DsKopohA=",
        "owner": "ipetkov",
        "repo": "crane",
        "rev": "323b5746d89e04b22554b061522dfce9e4c49b18",
        "type": "github"
      },
      "original": {
        "owner": "ipetkov",
        "repo": "crane",
        "type": "github"
      }
    },
    "flake-utils": {
      "inputs": {
        "systems": "systems"
      },
      "locked": {
        "lastModified": 1731533236,
        "narHash": "sha256-l0KFg5HjrsfsO/JpG+r7fRrqm12kzFHyUHqHCVpMMbI=",
        "owner": "numtide",
        "repo": "flake-utils",
        "rev": "11707dc2f618dd54ca8739b309ec4fc024de578b",
        "type": "github"
      },
      "original": {
        "owner": "numtide",
        "repo": "flake-utils",
        "type": "github"
      }
    },
    "flake-utils_2": {
      "inputs": {
        "systems": "systems_2"
      },
      "locked": {
        "lastModified": 1731533236,
        "narHash": "sha256-l0KFg5HjrsfsO/JpG+r7fRrqm12kzFHyUHqHCVpMMbI=",
        "owner": "numtide",
        "repo": "flake-utils",
        "rev": "11707dc2f618dd54ca8739b309ec4fc024de578b",
        "type": "github"
      },
      "original": {
        "owner": "numtide",
        "repo": "flake-utils",
        "type": "github"
      }
    },
    "mnn": {
      "flake": false,
      "locked": {
        "lastModified": 1749173738,
        "narHash": "sha256-pNljvQ4xMZ4VmuxQyXt+boNBZD0+UZNpNLrWrj8Rtfw=",
        "owner": "alibaba",
        "repo": "MNN",
        "rev": "ebdada82634300956e08bd4056ecfeb1e4f23b32",
        "type": "github"
      },
      "original": {
        "owner": "alibaba",
        "ref": "3.2.0",
        "repo": "MNN",
        "type": "github"
      }
    },
    "mnn-overlay": {
      "inputs": {
        "flake-utils": "flake-utils_2",
        "mnn": "mnn",
        "nixpkgs": [
          "nixpkgs"
        ]
      },
      "locked": {
        "lastModified": 1749204972,
        "narHash": "sha256-ICLU408iwxZA7uETBmEBuuForBIPLvonuy1hW/fuiME=",
        "owner": "uttarayan21",
        "repo": "mnn-nix-overlay",
        "rev": "7b97393977689e851a6840a8e1cbea058e67363a",
        "type": "github"
      },
      "original": {
        "owner": "uttarayan21",
        "repo": "mnn-nix-overlay",
        "type": "github"
      }
    },
    "mnn-src": {
      "flake": false,
      "locked": {
        "lastModified": 1749173738,
        "narHash": "sha256-pNljvQ4xMZ4VmuxQyXt+boNBZD0+UZNpNLrWrj8Rtfw=",
        "owner": "alibaba",
        "repo": "MNN",
        "rev": "ebdada82634300956e08bd4056ecfeb1e4f23b32",
        "type": "github"
      },
      "original": {
        "owner": "alibaba",
        "ref": "3.2.0",
        "repo": "MNN",
        "type": "github"
      }
    },
    "nix-github-actions": {
      "inputs": {
        "nixpkgs": [
          "nixpkgs"
        ]
      },
      "locked": {
        "lastModified": 1737420293,
        "narHash": "sha256-F1G5ifvqTpJq7fdkT34e/Jy9VCyzd5XfJ9TO8fHhJWE=",
        "owner": "nix-community",
        "repo": "nix-github-actions",
        "rev": "f4158fa080ef4503c8f4c820967d946c2af31ec9",
        "type": "github"
      },
      "original": {
        "owner": "nix-community",
        "repo": "nix-github-actions",
        "type": "github"
      }
    },
    "nixpkgs": {
      "locked": {
        "lastModified": 1748929857,
        "narHash": "sha256-lcZQ8RhsmhsK8u7LIFsJhsLh/pzR9yZ8yqpTzyGdj+Q=",
        "owner": "nixos",
        "repo": "nixpkgs",
        "rev": "c2a03962b8e24e669fb37b7df10e7c79531ff1a4",
        "type": "github"
      },
      "original": {
        "owner": "nixos",
        "ref": "nixos-unstable",
        "repo": "nixpkgs",
        "type": "github"
      }
    },
    "root": {
      "inputs": {
        "advisory-db": "advisory-db",
        "crane": "crane",
        "flake-utils": "flake-utils",
        "mnn-overlay": "mnn-overlay",
        "mnn-src": "mnn-src",
        "nix-github-actions": "nix-github-actions",
        "nixpkgs": "nixpkgs",
        "rust-overlay": "rust-overlay"
      }
    },
    "rust-overlay": {
      "inputs": {
        "nixpkgs": [
          "nixpkgs"
        ]
      },
      "locked": {
        "lastModified": 1749177458,
        "narHash": "sha256-9HNq3EHZIvvxXQyEn0sYOywcESF1Xqw2Q8J1ZewcXuk=",
        "owner": "oxalica",
        "repo": "rust-overlay",
        "rev": "d58933b88cef7a05e9677e94352fd6fedba402cd",
        "type": "github"
      },
      "original": {
        "owner": "oxalica",
        "repo": "rust-overlay",
        "type": "github"
      }
    },
    "systems": {
      "locked": {
        "lastModified": 1681028828,
        "narHash": "sha256-Vy1rq5AaRuLzOxct8nz4T6wlgyUR7zLU309k9mBC768=",
        "owner": "nix-systems",
        "repo": "default",
        "rev": "da67096a3b9bf56a91d16901293e51ba5b49a27e",
        "type": "github"
      },
      "original": {
        "owner": "nix-systems",
        "repo": "default",
        "type": "github"
      }
    },
    "systems_2": {
      "locked": {
        "lastModified": 1681028828,
        "narHash": "sha256-Vy1rq5AaRuLzOxct8nz4T6wlgyUR7zLU309k9mBC768=",
        "owner": "nix-systems",
        "repo": "default",
        "rev": "da67096a3b9bf56a91d16901293e51ba5b49a27e",
        "type": "github"
      },
      "original": {
        "owner": "nix-systems",
        "repo": "default",
        "type": "github"
      }
    }
  },
  "root": "root",
  "version": 7
}
