{
  "nodes": {
    "advisory-db": {
      "flake": false,
      "locked": {
        "lastModified": 1730464311,
        "narHash": "sha256-9xJoP1766XJSO1Qr0Lxg2P6dwPncTr3BJYlFMSXBd/E=",
        "owner": "rustsec",
        "repo": "advisory-db",
        "rev": "f3460e5ed91658ab94fa41908cfa44991f9f4f02",
        "type": "github"
      },
      "original": {
        "owner": "rustsec",
        "repo": "advisory-db",
        "type": "github"
      }
    },
    "crane": {
      "locked": {
        "lastModified": 1730652660,
        "narHash": "sha256-+XVYfmVXAiYA0FZT7ijHf555dxCe+AoAT5A6RU+6vSo=",
        "owner": "ipetkov",
        "repo": "crane",
        "rev": "a4ca93905455c07cb7e3aca95d4faf7601cba458",
        "type": "github"
      },
      "original": {
        "owner": "ipetkov",
        "repo": "crane",
        "type": "github"
      }
    },
    "flake-utils": {
      "inputs": {
        "systems": "systems"
      },
      "locked": {
        "lastModified": 1726560853,
        "narHash": "sha256-X6rJYSESBVr3hBoH0WbKE5KvhPU5bloyZ2L4K60/fPQ=",
        "owner": "numtide",
        "repo": "flake-utils",
        "rev": "c1dfcf08411b08f6b8615f7d8971a2bfa81d5e8a",
        "type": "github"
      },
      "original": {
        "owner": "numtide",
        "repo": "flake-utils",
        "type": "github"
      }
    },
    "flake-utils_2": {
      "inputs": {
        "systems": "systems_2"
      },
      "locked": {
        "lastModified": 1710146030,
        "narHash": "sha256-SZ5L6eA7HJ/nmkzGG7/ISclqe6oZdOZTNoesiInkXPQ=",
        "owner": "numtide",
        "repo": "flake-utils",
        "rev": "b1d9ab70662946ef0850d488da1c9019f3a9752a",
        "type": "github"
      },
      "original": {
        "owner": "numtide",
        "repo": "flake-utils",
        "type": "github"
      }
    },
    "mnn": {
      "flake": false,
      "locked": {
        "lastModified": 1728910345,
        "narHash": "sha256-jsCdiFW8oIlKISo/+qrMDy8/RHblrgaQdSuQhoiOd8M=",
        "owner": "alibaba",
        "repo": "MNN",
        "rev": "a74551b4f34b46ce7027c64e800d49fcab497261",
        "type": "github"
      },
      "original": {
        "owner": "alibaba",
        "ref": "2.9.6",
        "repo": "MNN",
        "type": "github"
      }
    },
    "mnn-overlay": {
      "inputs": {
        "flake-utils": "flake-utils_2",
        "mnn": "mnn",
        "nixpkgs": [
          "nixpkgs"
        ]
      },
      "locked": {
        "lastModified": 1729601933,
        "narHash": "sha256-iV9Whjepp2CmozEbQ026l/fuxx/jXOJGkhu6VVkz/Ec=",
        "owner": "uttarayan21",
        "repo": "mnn-nix-overlay",
        "rev": "1b2c0b9708bb0b0312cf4cdd33dd76894da25842",
        "type": "github"
      },
      "original": {
        "owner": "uttarayan21",
        "repo": "mnn-nix-overlay",
        "type": "github"
      }
    },
    "mnn-src": {
      "flake": false,
      "locked": {
        "lastModified": 1728910345,
        "narHash": "sha256-jsCdiFW8oIlKISo/+qrMDy8/RHblrgaQdSuQhoiOd8M=",
        "owner": "alibaba",
        "repo": "MNN",
        "rev": "a74551b4f34b46ce7027c64e800d49fcab497261",
        "type": "github"
      },
      "original": {
        "owner": "alibaba",
        "ref": "2.9.6",
        "repo": "MNN",
        "type": "github"
      }
    },
    "nix-github-actions": {
      "inputs": {
        "nixpkgs": [
          "nixpkgs"
        ]
      },
      "locked": {
        "lastModified": 1729742964,
        "narHash": "sha256-B4mzTcQ0FZHdpeWcpDYPERtyjJd/NIuaQ9+BV1h+MpA=",
        "owner": "nix-community",
        "repo": "nix-github-actions",
        "rev": "e04df33f62cdcf93d73e9a04142464753a16db67",
        "type": "github"
      },
      "original": {
        "owner": "nix-community",
        "repo": "nix-github-actions",
        "type": "github"
      }
    },
    "nixpkgs": {
      "locked": {
        "lastModified": 1730785428,
        "narHash": "sha256-Zwl8YgTVJTEum+L+0zVAWvXAGbWAuXHax3KzuejaDyo=",
        "owner": "nixos",
        "repo": "nixpkgs",
        "rev": "4aa36568d413aca0ea84a1684d2d46f55dbabad7",
        "type": "github"
      },
      "original": {
        "owner": "nixos",
        "ref": "nixos-unstable",
        "repo": "nixpkgs",
        "type": "github"
      }
    },
    "root": {
      "inputs": {
        "advisory-db": "advisory-db",
        "crane": "crane",
        "flake-utils": "flake-utils",
        "mnn-overlay": "mnn-overlay",
        "mnn-src": "mnn-src",
        "nix-github-actions": "nix-github-actions",
        "nixpkgs": "nixpkgs",
        "rust-overlay": "rust-overlay"
      }
    },
    "rust-overlay": {
      "inputs": {
        "nixpkgs": [
          "nixpkgs"
        ]
      },
      "locked": {
        "lastModified": 1731032894,
        "narHash": "sha256-dQSyYPmrQiPr+PGEd+K8038rubFGz7G/dNXVeaGWE0w=",
        "owner": "oxalica",
        "repo": "rust-overlay",
        "rev": "d52f2a4c103a0acf09ded857b9e2519ae2360e59",
        "type": "github"
      },
      "original": {
        "owner": "oxalica",
        "repo": "rust-overlay",
        "type": "github"
      }
    },
    "systems": {
      "locked": {
        "lastModified": 1681028828,
        "narHash": "sha256-Vy1rq5AaRuLzOxct8nz4T6wlgyUR7zLU309k9mBC768=",
        "owner": "nix-systems",
        "repo": "default",
        "rev": "da67096a3b9bf56a91d16901293e51ba5b49a27e",
        "type": "github"
      },
      "original": {
        "owner": "nix-systems",
        "repo": "default",
        "type": "github"
      }
    },
    "systems_2": {
      "locked": {
        "lastModified": 1681028828,
        "narHash": "sha256-Vy1rq5AaRuLzOxct8nz4T6wlgyUR7zLU309k9mBC768=",
        "owner": "nix-systems",
        "repo": "default",
        "rev": "da67096a3b9bf56a91d16901293e51ba5b49a27e",
        "type": "github"
      },
      "original": {
        "owner": "nix-systems",
        "repo": "default",
        "type": "github"
      }
    }
  },
  "root": "root",
  "version": 7
}
