{
  "nodes": {
    "advisory-db": {
      "flake": false,
      "locked": {
        "lastModified": 1725883717,
        "narHash": "sha256-QifFNLfu5bzKPO4iznCj1h+nHhqGZ8NR2Lo7tzh9FRc=",
        "owner": "rustsec",
        "repo": "advisory-db",
        "rev": "7fbf1e630ae52b7b364791a107b5bee5ff929496",
        "type": "github"
      },
      "original": {
        "owner": "rustsec",
        "repo": "advisory-db",
        "type": "github"
      }
    },
    "cargo-instruments-src": {
      "flake": false,
      "locked": {
        "lastModified": 1718898550,
        "narHash": "sha256-dtCjZxYvCEmACeUBHJ3g8pJmKXI6YnKvbw6GxiPIPWE=",
        "owner": "cmyr",
        "repo": "cargo-instruments",
        "rev": "b0d79adfe3ce3785d345103e9275e8959b693fa2",
        "type": "github"
      },
      "original": {
        "owner": "cmyr",
        "repo": "cargo-instruments",
        "type": "github"
      }
    },
    "crane": {
      "locked": {
        "lastModified": 1725409566,
        "narHash": "sha256-PrtLmqhM6UtJP7v7IGyzjBFhbG4eOAHT6LPYOFmYfbk=",
        "owner": "ipetkov",
        "repo": "crane",
        "rev": "7e4586bad4e3f8f97a9271def747cf58c4b68f3c",
        "type": "github"
      },
      "original": {
        "owner": "ipetkov",
        "repo": "crane",
        "type": "github"
      }
    },
    "flake-utils": {
      "inputs": {
        "systems": "systems"
      },
      "locked": {
        "lastModified": 1710146030,
        "narHash": "sha256-SZ5L6eA7HJ/nmkzGG7/ISclqe6oZdOZTNoesiInkXPQ=",
        "owner": "numtide",
        "repo": "flake-utils",
        "rev": "b1d9ab70662946ef0850d488da1c9019f3a9752a",
        "type": "github"
      },
      "original": {
        "owner": "numtide",
        "repo": "flake-utils",
        "type": "github"
      }
    },
    "flake-utils_2": {
      "inputs": {
        "systems": "systems_2"
      },
      "locked": {
        "lastModified": 1710146030,
        "narHash": "sha256-SZ5L6eA7HJ/nmkzGG7/ISclqe6oZdOZTNoesiInkXPQ=",
        "owner": "numtide",
        "repo": "flake-utils",
        "rev": "b1d9ab70662946ef0850d488da1c9019f3a9752a",
        "type": "github"
      },
      "original": {
        "owner": "numtide",
        "repo": "flake-utils",
        "type": "github"
      }
    },
    "mnn": {
      "flake": false,
      "locked": {
        "lastModified": 1728910345,
        "narHash": "sha256-jsCdiFW8oIlKISo/+qrMDy8/RHblrgaQdSuQhoiOd8M=",
        "owner": "alibaba",
        "repo": "MNN",
        "rev": "a74551b4f34b46ce7027c64e800d49fcab497261",
        "type": "github"
      },
      "original": {
        "owner": "alibaba",
        "ref": "2.9.6",
        "repo": "MNN",
        "type": "github"
      }
    },
    "mnn-overlay": {
      "inputs": {
        "flake-utils": "flake-utils_2",
        "mnn": "mnn",
        "nixpkgs": [
          "nixpkgs"
        ]
      },
      "locked": {
        "lastModified": 1729601933,
        "narHash": "sha256-iV9Whjepp2CmozEbQ026l/fuxx/jXOJGkhu6VVkz/Ec=",
        "owner": "uttarayan21",
        "repo": "mnn-nix-overlay",
        "rev": "1b2c0b9708bb0b0312cf4cdd33dd76894da25842",
        "type": "github"
      },
      "original": {
        "owner": "uttarayan21",
        "repo": "mnn-nix-overlay",
        "type": "github"
      }
    },
    "mnn-src": {
      "flake": false,
      "locked": {
        "lastModified": 1728910345,
        "narHash": "sha256-jsCdiFW8oIlKISo/+qrMDy8/RHblrgaQdSuQhoiOd8M=",
        "owner": "alibaba",
        "repo": "MNN",
        "rev": "a74551b4f34b46ce7027c64e800d49fcab497261",
        "type": "github"
      },
      "original": {
        "owner": "alibaba",
        "ref": "2.9.6",
        "repo": "MNN",
        "type": "github"
      }
    },
    "nix-github-actions": {
      "inputs": {
        "nixpkgs": [
          "nixpkgs"
        ]
      },
      "locked": {
        "lastModified": 1720066371,
        "narHash": "sha256-uPlLYH2S0ACj0IcgaK9Lsf4spmJoGejR9DotXiXSBZQ=",
        "owner": "nix-community",
        "repo": "nix-github-actions",
        "rev": "622f829f5fe69310a866c8a6cd07e747c44ef820",
        "type": "github"
      },
      "original": {
        "owner": "nix-community",
        "repo": "nix-github-actions",
        "type": "github"
      }
    },
    "nixpkgs": {
      "locked": {
        "lastModified": 1729665710,
        "narHash": "sha256-AlcmCXJZPIlO5dmFzV3V2XF6x/OpNWUV8Y/FMPGd8Z4=",
        "owner": "nixos",
        "repo": "nixpkgs",
        "rev": "2768c7d042a37de65bb1b5b3268fc987e534c49d",
        "type": "github"
      },
      "original": {
        "owner": "nixos",
        "ref": "nixos-unstable",
        "repo": "nixpkgs",
        "type": "github"
      }
    },
    "root": {
      "inputs": {
        "advisory-db": "advisory-db",
        "cargo-instruments-src": "cargo-instruments-src",
        "crane": "crane",
        "flake-utils": "flake-utils",
        "mnn-overlay": "mnn-overlay",
        "mnn-src": "mnn-src",
        "nix-github-actions": "nix-github-actions",
        "nixpkgs": "nixpkgs",
        "rust-overlay": "rust-overlay",
        "sg": "sg"
      }
    },
    "rust-overlay": {
      "inputs": {
        "nixpkgs": [
          "nixpkgs"
        ]
      },
      "locked": {
        "lastModified": 1726021481,
        "narHash": "sha256-4J4E+Fh+77XIYnq2RVtg+ENWXpu6t74P0jKN/f2RQmI=",
        "owner": "oxalica",
        "repo": "rust-overlay",
        "rev": "1c2c120246c51a644c20ba2a36a33d3bd4860d70",
        "type": "github"
      },
      "original": {
        "owner": "oxalica",
        "repo": "rust-overlay",
        "type": "github"
      }
    },
    "sg": {
      "locked": {
        "lastModified": 1729774284,
        "narHash": "sha256-vAwaOrWK+fGuVygG+F6d+hKAL37l/SpYyBAyREfCgWo=",
        "owner": "uttarayan21",
        "repo": "ast-grep-nix",
        "rev": "a5c5388566ab08ed63201a2dbd0ea1867648fda2",
        "type": "github"
      },
      "original": {
        "owner": "uttarayan21",
        "repo": "ast-grep-nix",
        "type": "github"
      }
    },
    "systems": {
      "locked": {
        "lastModified": 1681028828,
        "narHash": "sha256-Vy1rq5AaRuLzOxct8nz4T6wlgyUR7zLU309k9mBC768=",
        "owner": "nix-systems",
        "repo": "default",
        "rev": "da67096a3b9bf56a91d16901293e51ba5b49a27e",
        "type": "github"
      },
      "original": {
        "owner": "nix-systems",
        "repo": "default",
        "type": "github"
      }
    },
    "systems_2": {
      "locked": {
        "lastModified": 1681028828,
        "narHash": "sha256-Vy1rq5AaRuLzOxct8nz4T6wlgyUR7zLU309k9mBC768=",
        "owner": "nix-systems",
        "repo": "default",
        "rev": "da67096a3b9bf56a91d16901293e51ba5b49a27e",
        "type": "github"
      },
      "original": {
        "owner": "nix-systems",
        "repo": "default",
        "type": "github"
      }
    }
  },
  "root": "root",
  "version": 7
}
